Microsoft Visual Studio Solution File, Format Version 11.00
# Visual Studio 2008

Project("{56348F61-D096-7642-792B-371F3EC297A8}") = "Bunny Lab", "Assembly-CSharp.csproj", "{A6DE0493-46AD-622C-630B-DE89DE0B91F3}"
EndProject
Global
	GlobalSection(SolutionConfigurationPlatforms) = preSolution
		Debug|Any CPU = Debug|Any CPU
		Release|Any CPU = Release|Any CPU
	EndGlobalSection
	GlobalSection(ProjectConfigurationPlatforms) = postSolution
		{A6DE0493-46AD-622C-630B-DE89DE0B91F3}.Debug|Any CPU.ActiveCfg = Debug|Any CPU
		{A6DE0493-46AD-622C-630B-DE89DE0B91F3}.Debug|Any CPU.Build.0 = Debug|Any CPU
		{A6DE0493-46AD-622C-630B-DE89DE0B91F3}.Release|Any CPU.ActiveCfg = Release|Any CPU
		{A6DE0493-46AD-622C-630B-DE89DE0B91F3}.Release|Any CPU.Build.0 = Release|Any CPU
	EndGlobalSection
	GlobalSection(SolutionProperties) = preSolution
		HideSolutionNode = FALSE
	EndGlobalSection
	GlobalSection(MonoDevelopProperties) = preSolution
		StartupItem = Assembly-CSharp.csproj
	EndGlobalSection
EndGlobal
